
Microsoft Visual Studio Solution File, Format Version 12.00
# Visual Studio Version 17
VisualStudioVersion = 17.1.32421.90
MinimumVisualStudioVersion = 10.0.40219.1
Project("{2150E333-8FDC-42A3-9474-1A3956D46DE8}") = "src", "src", "{B1BCB476-C477-43AB-A159-36D5817FD774}"
EndProject
Project("{9A19103F-16F7-4668-BE54-9A1E7A4F7556}") = "PasswordGenerator.Avalonia", "src\PasswordGenerator.Avalonia\PasswordGenerator.Avalonia.csproj", "{0248A5A1-A484-436A-B320-793D4BB2F3DF}"
EndProject
Project("{9A19103F-16F7-4668-BE54-9A1E7A4F7556}") = "PasswordGenerator.Core", "src\PasswordGenerator.Core\PasswordGenerator.Core.csproj", "{EAD17B37-A415-4226-A3D7-69E4FA6D0F74}"
EndProject
Project("{9A19103F-16F7-4668-BE54-9A1E7A4F7556}") = "PasswordGenerator.Core.Tests", "tests\PasswordGenerator.Core.Tests\PasswordGenerator.Core.Tests.csproj", "{71F156BA-B1A1-4F31-9627-74AC92E39185}"
EndProject
Project("{2150E333-8FDC-42A3-9474-1A3956D46DE8}") = "tests", "tests", "{9F7783BD-05C8-4B0C-9487-19DD4F97A66F}"
EndProject
Project("{FAE04EC0-301F-11D3-BF4B-00C04F79EFBC}") = "PasswordGenerator.Benchmark", "src\PasswordGenerator.Benchmark\PasswordGenerator.Benchmark.csproj", "{1E7BCD87-8CDE-466D-A450-2B233E6ED538}"
EndProject
Global
	GlobalSection(SolutionConfigurationPlatforms) = preSolution
		Debug|Any CPU = Debug|Any CPU
		Release|Any CPU = Release|Any CPU
	EndGlobalSection
	GlobalSection(ProjectConfigurationPlatforms) = postSolution
		{0248A5A1-A484-436A-B320-793D4BB2F3DF}.Debug|Any CPU.ActiveCfg = Debug|Any CPU
		{0248A5A1-A484-436A-B320-793D4BB2F3DF}.Debug|Any CPU.Build.0 = Debug|Any CPU
		{0248A5A1-A484-436A-B320-793D4BB2F3DF}.Release|Any CPU.ActiveCfg = Release|Any CPU
		{0248A5A1-A484-436A-B320-793D4BB2F3DF}.Release|Any CPU.Build.0 = Release|Any CPU
		{EAD17B37-A415-4226-A3D7-69E4FA6D0F74}.Debug|Any CPU.ActiveCfg = Debug|Any CPU
		{EAD17B37-A415-4226-A3D7-69E4FA6D0F74}.Debug|Any CPU.Build.0 = Debug|Any CPU
		{EAD17B37-A415-4226-A3D7-69E4FA6D0F74}.Release|Any CPU.ActiveCfg = Release|Any CPU
		{EAD17B37-A415-4226-A3D7-69E4FA6D0F74}.Release|Any CPU.Build.0 = Release|Any CPU
		{71F156BA-B1A1-4F31-9627-74AC92E39185}.Debug|Any CPU.ActiveCfg = Debug|Any CPU
		{71F156BA-B1A1-4F31-9627-74AC92E39185}.Debug|Any CPU.Build.0 = Debug|Any CPU
		{71F156BA-B1A1-4F31-9627-74AC92E39185}.Release|Any CPU.ActiveCfg = Release|Any CPU
		{71F156BA-B1A1-4F31-9627-74AC92E39185}.Release|Any CPU.Build.0 = Release|Any CPU
		{1E7BCD87-8CDE-466D-A450-2B233E6ED538}.Debug|Any CPU.ActiveCfg = Debug|Any CPU
		{1E7BCD87-8CDE-466D-A450-2B233E6ED538}.Debug|Any CPU.Build.0 = Debug|Any CPU
		{1E7BCD87-8CDE-466D-A450-2B233E6ED538}.Release|Any CPU.ActiveCfg = Release|Any CPU
		{1E7BCD87-8CDE-466D-A450-2B233E6ED538}.Release|Any CPU.Build.0 = Release|Any CPU
	EndGlobalSection
	GlobalSection(SolutionProperties) = preSolution
		HideSolutionNode = FALSE
	EndGlobalSection
	GlobalSection(NestedProjects) = preSolution
		{0248A5A1-A484-436A-B320-793D4BB2F3DF} = {B1BCB476-C477-43AB-A159-36D5817FD774}
		{EAD17B37-A415-4226-A3D7-69E4FA6D0F74} = {B1BCB476-C477-43AB-A159-36D5817FD774}
		{71F156BA-B1A1-4F31-9627-74AC92E39185} = {9F7783BD-05C8-4B0C-9487-19DD4F97A66F}
		{1E7BCD87-8CDE-466D-A450-2B233E6ED538} = {B1BCB476-C477-43AB-A159-36D5817FD774}
	EndGlobalSection
	GlobalSection(ExtensibilityGlobals) = postSolution
		SolutionGuid = {1F537424-4546-49F0-BEB4-2ACC6A0A04BF}
	EndGlobalSection
EndGlobal
